
Microsoft Visual Studio Solution File, Format Version 12.00
# Visual Studio Version 17
VisualStudioVersion = 17.0.31912.275
MinimumVisualStudioVersion = 10.0.40219.1
Project("{FAE04EC0-301F-11D3-BF4B-00C04F79EFBC}") = "KOK2", "KOK2\KOK2.csproj", "{525ED7CB-E460-4009-8FC2-3A872220CB44}"
EndProject
Global
	GlobalSection(SolutionConfigurationPlatforms) = preSolution
		Debug|Any CPU = Debug|Any CPU
		Release|Any CPU = Release|Any CPU
	EndGlobalSection
	GlobalSection(ProjectConfigurationPlatforms) = postSolution
		{525ED7CB-E460-4009-8FC2-3A872220CB44}.Debug|Any CPU.ActiveCfg = Debug|Any CPU
		{525ED7CB-E460-4009-8FC2-3A872220CB44}.Debug|Any CPU.Build.0 = Debug|Any CPU
		{525ED7CB-E460-4009-8FC2-3A872220CB44}.Release|Any CPU.ActiveCfg = Release|Any CPU
		{525ED7CB-E460-4009-8FC2-3A872220CB44}.Release|Any CPU.Build.0 = Release|Any CPU
	EndGlobalSection
	GlobalSection(SolutionProperties) = preSolution
		HideSolutionNode = FALSE
	EndGlobalSection
	GlobalSection(ExtensibilityGlobals) = postSolution
		SolutionGuid = {7AF54D31-EB3E-447E-807A-5281A168140E}
	EndGlobalSection
EndGlobal
